
Microsoft Visual Studio Solution File, Format Version 12.00
# Visual Studio Version 16
VisualStudioVersion = 16.0.30711.63
MinimumVisualStudioVersion = 10.0.40219.1
Project("{FAE04EC0-301F-11D3-BF4B-00C04F79EFBC}") = "FirstBot1", "FirstBot1\FirstBot1.csproj", "{97641532-A71B-4FC5-8A15-F7FC8F0427EE}"
EndProject
Global
	GlobalSection(SolutionConfigurationPlatforms) = preSolution
		Debug|Any CPU = Debug|Any CPU
		Release|Any CPU = Release|Any CPU
	EndGlobalSection
	GlobalSection(ProjectConfigurationPlatforms) = postSolution
		{97641532-A71B-4FC5-8A15-F7FC8F0427EE}.Debug|Any CPU.ActiveCfg = Debug|Any CPU
		{97641532-A71B-4FC5-8A15-F7FC8F0427EE}.Debug|Any CPU.Build.0 = Debug|Any CPU
		{97641532-A71B-4FC5-8A15-F7FC8F0427EE}.Release|Any CPU.ActiveCfg = Release|Any CPU
		{97641532-A71B-4FC5-8A15-F7FC8F0427EE}.Release|Any CPU.Build.0 = Release|Any CPU
	EndGlobalSection
	GlobalSection(SolutionProperties) = preSolution
		HideSolutionNode = FALSE
	EndGlobalSection
	GlobalSection(ExtensibilityGlobals) = postSolution
		SolutionGuid = {0BDAFF81-7AA8-4647-BF72-7B89C9C5A4B1}
	EndGlobalSection
EndGlobal
